
Microsoft Visual Studio Solution File, Format Version 12.00
# Visual Studio Version 17
VisualStudioVersion = 17.8.34316.72
MinimumVisualStudioVersion = 10.0.40219.1
Project("{9A19103F-16F7-4668-BE54-9A1E7A4F7556}") = "MyProjects", "MyProjects\MyProjects.csproj", "{17AEE998-85B4-4F2D-B71B-CA4C9274494F}"
EndProject
Project("{9A19103F-16F7-4668-BE54-9A1E7A4F7556}") = "Block_IP", "Block_IP\Block_IP.csproj", "{7F2D47D1-D0BC-434F-8385-C52A64E8F179}"
EndProject
Project("{2150E333-8FDC-42A3-9474-1A3956D46DE8}") = "Collections", "Collections", "{C49272FC-D649-429E-8DBB-15A788648534}"
EndProject
Project("{9A19103F-16F7-4668-BE54-9A1E7A4F7556}") = "Stack", "Stack\Stack.csproj", "{00FB0917-7B12-406F-8129-087934CE2FF9}"
EndProject
Project("{9A19103F-16F7-4668-BE54-9A1E7A4F7556}") = "Queue", "Queue\Queue.csproj", "{4DBE6267-5E95-473E-88FA-1F8483CD8DB4}"
EndProject
Project("{9A19103F-16F7-4668-BE54-9A1E7A4F7556}") = "ArryList", "ArryList\ArryList.csproj", "{DCD4AA94-4EAE-4F1A-A819-3B9292415A8D}"
EndProject
Project("{9A19103F-16F7-4668-BE54-9A1E7A4F7556}") = "SortedList", "SortedList\SortedList.csproj", "{6248244F-0A27-46B3-A25B-65A622A17311}"
EndProject
Project("{9A19103F-16F7-4668-BE54-9A1E7A4F7556}") = "GenericList", "GenericList\GenericList.csproj", "{CBF9CFEC-D92C-4CDF-9317-9A0CC15AE9F4}"
EndProject
Project("{2150E333-8FDC-42A3-9474-1A3956D46DE8}") = "Design Patterns", "Design Patterns", "{6B0914D1-A506-45E1-9F16-05DA1AF5D2DE}"
EndProject
Project("{2150E333-8FDC-42A3-9474-1A3956D46DE8}") = "Unit Of Work & Generic", "Unit Of Work & Generic", "{B8BE7E28-BDD9-4362-820B-BC9B266AF8EB}"
EndProject
Project("{9A19103F-16F7-4668-BE54-9A1E7A4F7556}") = "UnitOfWork", "UnitOfWork\UnitOfWork.csproj", "{A6C0EDDE-ED27-48C0-8A95-3713040927C1}"
EndProject
Project("{9A19103F-16F7-4668-BE54-9A1E7A4F7556}") = "Core", "Core\Core.csproj", "{665B3AA9-1A99-4CDA-A1F0-B84878A143A8}"
EndProject
Project("{9A19103F-16F7-4668-BE54-9A1E7A4F7556}") = "InfraStructure", "InfraStructure\InfraStructure.csproj", "{6B056B03-AABD-45B7-ABF7-5CB468041937}"
EndProject
Project("{9A19103F-16F7-4668-BE54-9A1E7A4F7556}") = "Service", "Service\Service.csproj", "{20BEDC3D-41CC-4D85-BB64-7AE0300E755F}"
EndProject
Project("{2150E333-8FDC-42A3-9474-1A3956D46DE8}") = "Factory", "Factory", "{D83D29A2-7579-477A-9D35-F27BCF01F543}"
EndProject
Project("{9A19103F-16F7-4668-BE54-9A1E7A4F7556}") = "FactoryDesign", "FactoryDesign\FactoryDesign.csproj", "{1CABAFBB-0827-43DA-9816-8A2B3377EE29}"
EndProject
Project("{2150E333-8FDC-42A3-9474-1A3956D46DE8}") = "Strategy", "Strategy", "{28C34790-89EE-4B45-B04C-7F6E35182677}"
EndProject
Project("{FAE04EC0-301F-11D3-BF4B-00C04F79EFBC}") = "StrategyPattern", "StrategyPattern\StrategyPattern.csproj", "{E78B90A7-ACE9-4D55-80A6-5F20743F4286}"
EndProject
Global
	GlobalSection(SolutionConfigurationPlatforms) = preSolution
		Debug|Any CPU = Debug|Any CPU
		Release|Any CPU = Release|Any CPU
	EndGlobalSection
	GlobalSection(ProjectConfigurationPlatforms) = postSolution
		{17AEE998-85B4-4F2D-B71B-CA4C9274494F}.Debug|Any CPU.ActiveCfg = Debug|Any CPU
		{17AEE998-85B4-4F2D-B71B-CA4C9274494F}.Debug|Any CPU.Build.0 = Debug|Any CPU
		{17AEE998-85B4-4F2D-B71B-CA4C9274494F}.Release|Any CPU.ActiveCfg = Release|Any CPU
		{17AEE998-85B4-4F2D-B71B-CA4C9274494F}.Release|Any CPU.Build.0 = Release|Any CPU
		{7F2D47D1-D0BC-434F-8385-C52A64E8F179}.Debug|Any CPU.ActiveCfg = Debug|Any CPU
		{7F2D47D1-D0BC-434F-8385-C52A64E8F179}.Debug|Any CPU.Build.0 = Debug|Any CPU
		{7F2D47D1-D0BC-434F-8385-C52A64E8F179}.Release|Any CPU.ActiveCfg = Release|Any CPU
		{7F2D47D1-D0BC-434F-8385-C52A64E8F179}.Release|Any CPU.Build.0 = Release|Any CPU
		{00FB0917-7B12-406F-8129-087934CE2FF9}.Debug|Any CPU.ActiveCfg = Debug|Any CPU
		{00FB0917-7B12-406F-8129-087934CE2FF9}.Debug|Any CPU.Build.0 = Debug|Any CPU
		{00FB0917-7B12-406F-8129-087934CE2FF9}.Release|Any CPU.ActiveCfg = Release|Any CPU
		{00FB0917-7B12-406F-8129-087934CE2FF9}.Release|Any CPU.Build.0 = Release|Any CPU
		{4DBE6267-5E95-473E-88FA-1F8483CD8DB4}.Debug|Any CPU.ActiveCfg = Debug|Any CPU
		{4DBE6267-5E95-473E-88FA-1F8483CD8DB4}.Debug|Any CPU.Build.0 = Debug|Any CPU
		{4DBE6267-5E95-473E-88FA-1F8483CD8DB4}.Release|Any CPU.ActiveCfg = Release|Any CPU
		{4DBE6267-5E95-473E-88FA-1F8483CD8DB4}.Release|Any CPU.Build.0 = Release|Any CPU
		{DCD4AA94-4EAE-4F1A-A819-3B9292415A8D}.Debug|Any CPU.ActiveCfg = Debug|Any CPU
		{DCD4AA94-4EAE-4F1A-A819-3B9292415A8D}.Debug|Any CPU.Build.0 = Debug|Any CPU
		{DCD4AA94-4EAE-4F1A-A819-3B9292415A8D}.Release|Any CPU.ActiveCfg = Release|Any CPU
		{DCD4AA94-4EAE-4F1A-A819-3B9292415A8D}.Release|Any CPU.Build.0 = Release|Any CPU
		{6248244F-0A27-46B3-A25B-65A622A17311}.Debug|Any CPU.ActiveCfg = Debug|Any CPU
		{6248244F-0A27-46B3-A25B-65A622A17311}.Debug|Any CPU.Build.0 = Debug|Any CPU
		{6248244F-0A27-46B3-A25B-65A622A17311}.Release|Any CPU.ActiveCfg = Release|Any CPU
		{6248244F-0A27-46B3-A25B-65A622A17311}.Release|Any CPU.Build.0 = Release|Any CPU
		{CBF9CFEC-D92C-4CDF-9317-9A0CC15AE9F4}.Debug|Any CPU.ActiveCfg = Debug|Any CPU
		{CBF9CFEC-D92C-4CDF-9317-9A0CC15AE9F4}.Debug|Any CPU.Build.0 = Debug|Any CPU
		{CBF9CFEC-D92C-4CDF-9317-9A0CC15AE9F4}.Release|Any CPU.ActiveCfg = Release|Any CPU
		{CBF9CFEC-D92C-4CDF-9317-9A0CC15AE9F4}.Release|Any CPU.Build.0 = Release|Any CPU
		{A6C0EDDE-ED27-48C0-8A95-3713040927C1}.Debug|Any CPU.ActiveCfg = Debug|Any CPU
		{A6C0EDDE-ED27-48C0-8A95-3713040927C1}.Debug|Any CPU.Build.0 = Debug|Any CPU
		{A6C0EDDE-ED27-48C0-8A95-3713040927C1}.Release|Any CPU.ActiveCfg = Release|Any CPU
		{A6C0EDDE-ED27-48C0-8A95-3713040927C1}.Release|Any CPU.Build.0 = Release|Any CPU
		{665B3AA9-1A99-4CDA-A1F0-B84878A143A8}.Debug|Any CPU.ActiveCfg = Debug|Any CPU
		{665B3AA9-1A99-4CDA-A1F0-B84878A143A8}.Debug|Any CPU.Build.0 = Debug|Any CPU
		{665B3AA9-1A99-4CDA-A1F0-B84878A143A8}.Release|Any CPU.ActiveCfg = Release|Any CPU
		{665B3AA9-1A99-4CDA-A1F0-B84878A143A8}.Release|Any CPU.Build.0 = Release|Any CPU
		{6B056B03-AABD-45B7-ABF7-5CB468041937}.Debug|Any CPU.ActiveCfg = Debug|Any CPU
		{6B056B03-AABD-45B7-ABF7-5CB468041937}.Debug|Any CPU.Build.0 = Debug|Any CPU
		{6B056B03-AABD-45B7-ABF7-5CB468041937}.Release|Any CPU.ActiveCfg = Release|Any CPU
		{6B056B03-AABD-45B7-ABF7-5CB468041937}.Release|Any CPU.Build.0 = Release|Any CPU
		{20BEDC3D-41CC-4D85-BB64-7AE0300E755F}.Debug|Any CPU.ActiveCfg = Debug|Any CPU
		{20BEDC3D-41CC-4D85-BB64-7AE0300E755F}.Debug|Any CPU.Build.0 = Debug|Any CPU
		{20BEDC3D-41CC-4D85-BB64-7AE0300E755F}.Release|Any CPU.ActiveCfg = Release|Any CPU
		{20BEDC3D-41CC-4D85-BB64-7AE0300E755F}.Release|Any CPU.Build.0 = Release|Any CPU
		{1CABAFBB-0827-43DA-9816-8A2B3377EE29}.Debug|Any CPU.ActiveCfg = Debug|Any CPU
		{1CABAFBB-0827-43DA-9816-8A2B3377EE29}.Debug|Any CPU.Build.0 = Debug|Any CPU
		{1CABAFBB-0827-43DA-9816-8A2B3377EE29}.Release|Any CPU.ActiveCfg = Release|Any CPU
		{1CABAFBB-0827-43DA-9816-8A2B3377EE29}.Release|Any CPU.Build.0 = Release|Any CPU
		{E78B90A7-ACE9-4D55-80A6-5F20743F4286}.Debug|Any CPU.ActiveCfg = Debug|Any CPU
		{E78B90A7-ACE9-4D55-80A6-5F20743F4286}.Debug|Any CPU.Build.0 = Debug|Any CPU
		{E78B90A7-ACE9-4D55-80A6-5F20743F4286}.Release|Any CPU.ActiveCfg = Release|Any CPU
		{E78B90A7-ACE9-4D55-80A6-5F20743F4286}.Release|Any CPU.Build.0 = Release|Any CPU
	EndGlobalSection
	GlobalSection(SolutionProperties) = preSolution
		HideSolutionNode = FALSE
	EndGlobalSection
	GlobalSection(NestedProjects) = preSolution
		{00FB0917-7B12-406F-8129-087934CE2FF9} = {C49272FC-D649-429E-8DBB-15A788648534}
		{4DBE6267-5E95-473E-88FA-1F8483CD8DB4} = {C49272FC-D649-429E-8DBB-15A788648534}
		{DCD4AA94-4EAE-4F1A-A819-3B9292415A8D} = {C49272FC-D649-429E-8DBB-15A788648534}
		{6248244F-0A27-46B3-A25B-65A622A17311} = {C49272FC-D649-429E-8DBB-15A788648534}
		{CBF9CFEC-D92C-4CDF-9317-9A0CC15AE9F4} = {C49272FC-D649-429E-8DBB-15A788648534}
		{B8BE7E28-BDD9-4362-820B-BC9B266AF8EB} = {6B0914D1-A506-45E1-9F16-05DA1AF5D2DE}
		{A6C0EDDE-ED27-48C0-8A95-3713040927C1} = {B8BE7E28-BDD9-4362-820B-BC9B266AF8EB}
		{665B3AA9-1A99-4CDA-A1F0-B84878A143A8} = {B8BE7E28-BDD9-4362-820B-BC9B266AF8EB}
		{6B056B03-AABD-45B7-ABF7-5CB468041937} = {B8BE7E28-BDD9-4362-820B-BC9B266AF8EB}
		{20BEDC3D-41CC-4D85-BB64-7AE0300E755F} = {B8BE7E28-BDD9-4362-820B-BC9B266AF8EB}
		{D83D29A2-7579-477A-9D35-F27BCF01F543} = {6B0914D1-A506-45E1-9F16-05DA1AF5D2DE}
		{1CABAFBB-0827-43DA-9816-8A2B3377EE29} = {D83D29A2-7579-477A-9D35-F27BCF01F543}
		{28C34790-89EE-4B45-B04C-7F6E35182677} = {6B0914D1-A506-45E1-9F16-05DA1AF5D2DE}
		{E78B90A7-ACE9-4D55-80A6-5F20743F4286} = {28C34790-89EE-4B45-B04C-7F6E35182677}
	EndGlobalSection
	GlobalSection(ExtensibilityGlobals) = postSolution
		SolutionGuid = {0BD6FD43-42D0-4B53-8C69-EC5340741DB9}
	EndGlobalSection
EndGlobal
