
Microsoft Visual Studio Solution File, Format Version 12.00
# Visual Studio Version 17
VisualStudioVersion = 17.8.34316.72
MinimumVisualStudioVersion = 10.0.40219.1
Project("{9A19103F-16F7-4668-BE54-9A1E7A4F7556}") = "MyProjects", "MyProjects\MyProjects.csproj", "{17AEE998-85B4-4F2D-B71B-CA4C9274494F}"
EndProject
Project("{9A19103F-16F7-4668-BE54-9A1E7A4F7556}") = "Block_IP", "Block_IP\Block_IP.csproj", "{7F2D47D1-D0BC-434F-8385-C52A64E8F179}"
EndProject
Project("{2150E333-8FDC-42A3-9474-1A3956D46DE8}") = "Collections", "Collections", "{C49272FC-D649-429E-8DBB-15A788648534}"
EndProject
Project("{FAE04EC0-301F-11D3-BF4B-00C04F79EFBC}") = "Stack", "Stack\Stack.csproj", "{00FB0917-7B12-406F-8129-087934CE2FF9}"
EndProject
Project("{FAE04EC0-301F-11D3-BF4B-00C04F79EFBC}") = "Queue", "Queue\Queue.csproj", "{4DBE6267-5E95-473E-88FA-1F8483CD8DB4}"
EndProject
Project("{FAE04EC0-301F-11D3-BF4B-00C04F79EFBC}") = "ArryList", "ArryList\ArryList.csproj", "{DCD4AA94-4EAE-4F1A-A819-3B9292415A8D}"
EndProject
Project("{FAE04EC0-301F-11D3-BF4B-00C04F79EFBC}") = "SortedList", "SortedList\SortedList.csproj", "{6248244F-0A27-46B3-A25B-65A622A17311}"
EndProject
Project("{FAE04EC0-301F-11D3-BF4B-00C04F79EFBC}") = "GenericList", "GenericList\GenericList.csproj", "{CBF9CFEC-D92C-4CDF-9317-9A0CC15AE9F4}"
EndProject
Global
	GlobalSection(SolutionConfigurationPlatforms) = preSolution
		Debug|Any CPU = Debug|Any CPU
		Release|Any CPU = Release|Any CPU
	EndGlobalSection
	GlobalSection(ProjectConfigurationPlatforms) = postSolution
		{17AEE998-85B4-4F2D-B71B-CA4C9274494F}.Debug|Any CPU.ActiveCfg = Debug|Any CPU
		{17AEE998-85B4-4F2D-B71B-CA4C9274494F}.Debug|Any CPU.Build.0 = Debug|Any CPU
		{17AEE998-85B4-4F2D-B71B-CA4C9274494F}.Release|Any CPU.ActiveCfg = Release|Any CPU
		{17AEE998-85B4-4F2D-B71B-CA4C9274494F}.Release|Any CPU.Build.0 = Release|Any CPU
		{7F2D47D1-D0BC-434F-8385-C52A64E8F179}.Debug|Any CPU.ActiveCfg = Debug|Any CPU
		{7F2D47D1-D0BC-434F-8385-C52A64E8F179}.Debug|Any CPU.Build.0 = Debug|Any CPU
		{7F2D47D1-D0BC-434F-8385-C52A64E8F179}.Release|Any CPU.ActiveCfg = Release|Any CPU
		{7F2D47D1-D0BC-434F-8385-C52A64E8F179}.Release|Any CPU.Build.0 = Release|Any CPU
		{00FB0917-7B12-406F-8129-087934CE2FF9}.Debug|Any CPU.ActiveCfg = Debug|Any CPU
		{00FB0917-7B12-406F-8129-087934CE2FF9}.Debug|Any CPU.Build.0 = Debug|Any CPU
		{00FB0917-7B12-406F-8129-087934CE2FF9}.Release|Any CPU.ActiveCfg = Release|Any CPU
		{00FB0917-7B12-406F-8129-087934CE2FF9}.Release|Any CPU.Build.0 = Release|Any CPU
		{4DBE6267-5E95-473E-88FA-1F8483CD8DB4}.Debug|Any CPU.ActiveCfg = Debug|Any CPU
		{4DBE6267-5E95-473E-88FA-1F8483CD8DB4}.Debug|Any CPU.Build.0 = Debug|Any CPU
		{4DBE6267-5E95-473E-88FA-1F8483CD8DB4}.Release|Any CPU.ActiveCfg = Release|Any CPU
		{4DBE6267-5E95-473E-88FA-1F8483CD8DB4}.Release|Any CPU.Build.0 = Release|Any CPU
		{DCD4AA94-4EAE-4F1A-A819-3B9292415A8D}.Debug|Any CPU.ActiveCfg = Debug|Any CPU
		{DCD4AA94-4EAE-4F1A-A819-3B9292415A8D}.Debug|Any CPU.Build.0 = Debug|Any CPU
		{DCD4AA94-4EAE-4F1A-A819-3B9292415A8D}.Release|Any CPU.ActiveCfg = Release|Any CPU
		{DCD4AA94-4EAE-4F1A-A819-3B9292415A8D}.Release|Any CPU.Build.0 = Release|Any CPU
		{6248244F-0A27-46B3-A25B-65A622A17311}.Debug|Any CPU.ActiveCfg = Debug|Any CPU
		{6248244F-0A27-46B3-A25B-65A622A17311}.Debug|Any CPU.Build.0 = Debug|Any CPU
		{6248244F-0A27-46B3-A25B-65A622A17311}.Release|Any CPU.ActiveCfg = Release|Any CPU
		{6248244F-0A27-46B3-A25B-65A622A17311}.Release|Any CPU.Build.0 = Release|Any CPU
		{CBF9CFEC-D92C-4CDF-9317-9A0CC15AE9F4}.Debug|Any CPU.ActiveCfg = Debug|Any CPU
		{CBF9CFEC-D92C-4CDF-9317-9A0CC15AE9F4}.Debug|Any CPU.Build.0 = Debug|Any CPU
		{CBF9CFEC-D92C-4CDF-9317-9A0CC15AE9F4}.Release|Any CPU.ActiveCfg = Release|Any CPU
		{CBF9CFEC-D92C-4CDF-9317-9A0CC15AE9F4}.Release|Any CPU.Build.0 = Release|Any CPU
	EndGlobalSection
	GlobalSection(SolutionProperties) = preSolution
		HideSolutionNode = FALSE
	EndGlobalSection
	GlobalSection(NestedProjects) = preSolution
		{00FB0917-7B12-406F-8129-087934CE2FF9} = {C49272FC-D649-429E-8DBB-15A788648534}
		{4DBE6267-5E95-473E-88FA-1F8483CD8DB4} = {C49272FC-D649-429E-8DBB-15A788648534}
		{DCD4AA94-4EAE-4F1A-A819-3B9292415A8D} = {C49272FC-D649-429E-8DBB-15A788648534}
		{6248244F-0A27-46B3-A25B-65A622A17311} = {C49272FC-D649-429E-8DBB-15A788648534}
		{CBF9CFEC-D92C-4CDF-9317-9A0CC15AE9F4} = {C49272FC-D649-429E-8DBB-15A788648534}
	EndGlobalSection
	GlobalSection(ExtensibilityGlobals) = postSolution
		SolutionGuid = {0BD6FD43-42D0-4B53-8C69-EC5340741DB9}
	EndGlobalSection
EndGlobal
